{
  "version": "5",
  "specifiers": {
    "npm:@hono/swagger-ui@~0.5.2": "0.5.2_hono@4.8.10",
    "npm:@hono/zod-openapi@*": "1.0.2_hono@4.8.10_zod@4.0.13",
    "npm:@hono/zod-validator@~0.7.2": "0.7.2_hono@4.8.10_zod@4.0.13",
    "npm:@types/node@*": "22.15.15",
    "npm:hono@^4.8.10": "4.8.10",
    "npm:zod@^4.0.13": "4.0.13"
  },
  "npm": {
    "@asteasolutions/zod-to-openapi@8.0.0_zod@4.0.13": {
      "integrity": "sha512-C56hBPiraeSWUNLz8mB5Z0/0LdfaFD5d6WB/+hdUg0MiC7egTgvWRGh3M3jZ3CRl03l/NJWnmv5D3OUAz+JGeg==",
      "dependencies": [
        "openapi3-ts",
        "zod"
      ]
    },
    "@hono/swagger-ui@0.5.2_hono@4.8.10": {
      "integrity": "sha512-7wxLKdb8h7JTdZ+K8DJNE3KXQMIpJejkBTQjrYlUWF28Z1PGOKw6kUykARe5NTfueIN37jbyG/sBYsbzXzG53A==",
      "dependencies": [
        "hono"
      ]
    },
    "@hono/zod-openapi@1.0.2_hono@4.8.10_zod@4.0.13": {
      "integrity": "sha512-zbxUZEnA+NaeotXRI2YPL5GEbz38DiO7Zp1nx/7yXOA2ITkcASYsYe/My/I38c44GCu+oUVM899zn4TBVn7JRg==",
      "dependencies": [
        "@asteasolutions/zod-to-openapi",
        "@hono/zod-validator",
        "hono",
        "openapi3-ts",
        "zod"
      ]
    },
    "@hono/zod-validator@0.7.2_hono@4.8.10_zod@4.0.13": {
      "integrity": "sha512-ub5eL/NeZ4eLZawu78JpW/J+dugDAYhwqUIdp9KYScI6PZECij4Hx4UsrthlEUutqDDhPwRI0MscUfNkvn/mqQ==",
      "dependencies": [
        "hono",
        "zod"
      ]
    },
    "@types/node@22.15.15": {
      "integrity": "sha512-R5muMcZob3/Jjchn5LcO8jdKwSCbzqmPB6ruBxMcf9kbxtniZHP327s6C37iOfuw8mbKK3cAQa7sEl7afLrQ8A==",
      "dependencies": [
        "undici-types"
      ]
    },
    "hono@4.8.10": {
      "integrity": "sha512-DRMYbR3aFk6YET1FCSAFbgF2cWYTz5j0YAFYPECx9fmrbKBDAYnWU+YCgRTpOaatxMYN6e68U/2IG39zRP4W/A=="
    },
    "openapi3-ts@4.5.0": {
      "integrity": "sha512-jaL+HgTq2Gj5jRcfdutgRGLosCy/hT8sQf6VOy+P+g36cZOjI1iukdPnijC+4CmeRzg/jEllJUboEic2FhxhtQ==",
      "dependencies": [
        "yaml"
      ]
    },
    "undici-types@6.21.0": {
      "integrity": "sha512-iwDZqg0QAGrg9Rav5H4n0M64c3mkR59cJ6wQp+7C4nI0gsmExaedaYLNO44eT4AtBBwjbTiGPMlt2Md0T9H9JQ=="
    },
    "yaml@2.8.0": {
      "integrity": "sha512-4lLa/EcQCB0cJkyts+FpIRx5G/llPxfP6VQU5KByHEhLxY3IJCH0f0Hy1MHI8sClTvsIb8qwRJ6R/ZdlDJ/leQ==",
      "bin": true
    },
    "zod@4.0.13": {
      "integrity": "sha512-jv+zRxuZQxTrFHzxZ46ezL2FtnE+M4HIJHJEwLsZ7UjrXHltdG6HrxvqM0twoVCWxJiYf8WqKjAcjztegpkB+Q=="
    }
  },
  "workspace": {
    "dependencies": [
      "npm:@hono/swagger-ui@~0.5.2",
      "npm:@hono/zod-validator@~0.7.2",
      "npm:hono@^4.8.10",
      "npm:zod@^4.0.13"
    ]
  }
}
